
Microsoft Visual Studio Solution File, Format Version 12.00
# Visual Studio Version 17
VisualStudioVersion = 17.10.34928.147
MinimumVisualStudioVersion = 10.0.40219.1
Project("{9A19103F-16F7-4668-BE54-9A1E7A4F7556}") = "ShellEngine.Prelude", "ShellEngine.Prelude\ShellEngine.Prelude.csproj", "{FAAD1F3A-CACB-4796-A6CF-25E4734B0F03}"
EndProject
Project("{9A19103F-16F7-4668-BE54-9A1E7A4F7556}") = "ShellEngine.Demo", "ShellEngine.Demo\ShellEngine.Demo.csproj", "{9330C6C5-BD24-4625-883D-1D721969F8B3}"
EndProject
Project("{2150E333-8FDC-42A3-9474-1A3956D46DE8}") = "解决方案项", "解决方案项", "{2BC01739-A3AD-4652-A715-E229AC982E59}"
	ProjectSection(SolutionItems) = preProject
		.gitignore = .gitignore
		Directory.Build.props = Directory.Build.props
	EndProjectSection
EndProject
Global
	GlobalSection(SolutionConfigurationPlatforms) = preSolution
		Debug|Any CPU = Debug|Any CPU
		Release|Any CPU = Release|Any CPU
	EndGlobalSection
	GlobalSection(ProjectConfigurationPlatforms) = postSolution
		{FAAD1F3A-CACB-4796-A6CF-25E4734B0F03}.Debug|Any CPU.ActiveCfg = Debug|Any CPU
		{FAAD1F3A-CACB-4796-A6CF-25E4734B0F03}.Debug|Any CPU.Build.0 = Debug|Any CPU
		{FAAD1F3A-CACB-4796-A6CF-25E4734B0F03}.Release|Any CPU.ActiveCfg = Release|Any CPU
		{FAAD1F3A-CACB-4796-A6CF-25E4734B0F03}.Release|Any CPU.Build.0 = Release|Any CPU
		{9330C6C5-BD24-4625-883D-1D721969F8B3}.Debug|Any CPU.ActiveCfg = Debug|Any CPU
		{9330C6C5-BD24-4625-883D-1D721969F8B3}.Debug|Any CPU.Build.0 = Debug|Any CPU
		{9330C6C5-BD24-4625-883D-1D721969F8B3}.Release|Any CPU.ActiveCfg = Release|Any CPU
		{9330C6C5-BD24-4625-883D-1D721969F8B3}.Release|Any CPU.Build.0 = Release|Any CPU
	EndGlobalSection
	GlobalSection(SolutionProperties) = preSolution
		HideSolutionNode = FALSE
	EndGlobalSection
	GlobalSection(ExtensibilityGlobals) = postSolution
		SolutionGuid = {58C342E2-A69E-4692-BA98-093653F8770A}
	EndGlobalSection
EndGlobal
